
Microsoft Visual Studio Solution File, Format Version 12.00
# Visual Studio Version 17
VisualStudioVersion = 17.5.33530.505
MinimumVisualStudioVersion = 10.0.40219.1
Project("{FAE04EC0-301F-11D3-BF4B-00C04F79EFBC}") = "ClickableEventsFromCamera", "ClickableEventsFromCamera.csproj", "{38460E1E-DBB6-42AC-94F9-22D1F03ED0D7}"
EndProject
Global
	GlobalSection(SolutionConfigurationPlatforms) = preSolution
		Debug|Any CPU = Debug|Any CPU
		Release|Any CPU = Release|Any CPU
	EndGlobalSection
	GlobalSection(ProjectConfigurationPlatforms) = postSolution
		{38460E1E-DBB6-42AC-94F9-22D1F03ED0D7}.Debug|Any CPU.ActiveCfg = Debug|Any CPU
		{38460E1E-DBB6-42AC-94F9-22D1F03ED0D7}.Debug|Any CPU.Build.0 = Debug|Any CPU
		{38460E1E-DBB6-42AC-94F9-22D1F03ED0D7}.Release|Any CPU.ActiveCfg = Release|Any CPU
		{38460E1E-DBB6-42AC-94F9-22D1F03ED0D7}.Release|Any CPU.Build.0 = Release|Any CPU
	EndGlobalSection
	GlobalSection(SolutionProperties) = preSolution
		HideSolutionNode = FALSE
	EndGlobalSection
	GlobalSection(ExtensibilityGlobals) = postSolution
		SolutionGuid = {D54FCA7F-8C6D-4DA1-9667-1D1FBC8720D4}
	EndGlobalSection
EndGlobal
